
Microsoft Visual Studio Solution File, Format Version 12.00
# Visual Studio 15
VisualStudioVersion = 15.0.28307.1401
MinimumVisualStudioVersion = 10.0.40219.1
Project("{8BC9CEB8-8B4A-11D0-8D11-00A0C91BC942}") = "口算练习系统", "口算练习系统\口算练习系统.vcxproj", "{76ACF38C-ED66-4C85-BCE8-F9A125EFC9AA}"
EndProject
Global
	GlobalSection(SolutionConfigurationPlatforms) = preSolution
		Debug|x64 = Debug|x64
		Debug|x86 = Debug|x86
		Release|x64 = Release|x64
		Release|x86 = Release|x86
	EndGlobalSection
	GlobalSection(ProjectConfigurationPlatforms) = postSolution
		{76ACF38C-ED66-4C85-BCE8-F9A125EFC9AA}.Debug|x64.ActiveCfg = Debug|x64
		{76ACF38C-ED66-4C85-BCE8-F9A125EFC9AA}.Debug|x64.Build.0 = Debug|x64
		{76ACF38C-ED66-4C85-BCE8-F9A125EFC9AA}.Debug|x86.ActiveCfg = Debug|Win32
		{76ACF38C-ED66-4C85-BCE8-F9A125EFC9AA}.Debug|x86.Build.0 = Debug|Win32
		{76ACF38C-ED66-4C85-BCE8-F9A125EFC9AA}.Release|x64.ActiveCfg = Release|x64
		{76ACF38C-ED66-4C85-BCE8-F9A125EFC9AA}.Release|x64.Build.0 = Release|x64
		{76ACF38C-ED66-4C85-BCE8-F9A125EFC9AA}.Release|x86.ActiveCfg = Release|Win32
		{76ACF38C-ED66-4C85-BCE8-F9A125EFC9AA}.Release|x86.Build.0 = Release|Win32
	EndGlobalSection
	GlobalSection(SolutionProperties) = preSolution
		HideSolutionNode = FALSE
	EndGlobalSection
	GlobalSection(ExtensibilityGlobals) = postSolution
		SolutionGuid = {4D62BBA7-1646-43BD-90FF-4699CE936E6C}
	EndGlobalSection
EndGlobal
